
Microsoft Visual Studio Solution File, Format Version 12.00
# Visual Studio 14
VisualStudioVersion = 14.0.25420.1
MinimumVisualStudioVersion = 10.0.40219.1
Project("{FAE04EC0-301F-11D3-BF4B-00C04F79EFBC}") = "Massiv artan sira", "Massiv artan sira\Massiv artan sira.csproj", "{109FEE4F-F883-4A97-9488-FEB36AB89C05}"
EndProject
Global
	GlobalSection(SolutionConfigurationPlatforms) = preSolution
		Debug|Any CPU = Debug|Any CPU
		Release|Any CPU = Release|Any CPU
	EndGlobalSection
	GlobalSection(ProjectConfigurationPlatforms) = postSolution
		{109FEE4F-F883-4A97-9488-FEB36AB89C05}.Debug|Any CPU.ActiveCfg = Debug|Any CPU
		{109FEE4F-F883-4A97-9488-FEB36AB89C05}.Debug|Any CPU.Build.0 = Debug|Any CPU
		{109FEE4F-F883-4A97-9488-FEB36AB89C05}.Release|Any CPU.ActiveCfg = Release|Any CPU
		{109FEE4F-F883-4A97-9488-FEB36AB89C05}.Release|Any CPU.Build.0 = Release|Any CPU
	EndGlobalSection
	GlobalSection(SolutionProperties) = preSolution
		HideSolutionNode = FALSE
	EndGlobalSection
EndGlobal
