
Microsoft Visual Studio Solution File, Format Version 12.00
# Visual Studio 14
VisualStudioVersion = 14.0.25420.1
MinimumVisualStudioVersion = 10.0.40219.1
Project("{FAE04EC0-301F-11D3-BF4B-00C04F79EFBC}") = "string1Misal1", "string1Misal1\string1Misal1.csproj", "{203F9DAC-7E61-4599-B576-5EA03268FBDC}"
EndProject
Global
	GlobalSection(SolutionConfigurationPlatforms) = preSolution
		Debug|Any CPU = Debug|Any CPU
		Release|Any CPU = Release|Any CPU
	EndGlobalSection
	GlobalSection(ProjectConfigurationPlatforms) = postSolution
		{203F9DAC-7E61-4599-B576-5EA03268FBDC}.Debug|Any CPU.ActiveCfg = Debug|Any CPU
		{203F9DAC-7E61-4599-B576-5EA03268FBDC}.Debug|Any CPU.Build.0 = Debug|Any CPU
		{203F9DAC-7E61-4599-B576-5EA03268FBDC}.Release|Any CPU.ActiveCfg = Release|Any CPU
		{203F9DAC-7E61-4599-B576-5EA03268FBDC}.Release|Any CPU.Build.0 = Release|Any CPU
	EndGlobalSection
	GlobalSection(SolutionProperties) = preSolution
		HideSolutionNode = FALSE
	EndGlobalSection
EndGlobal
